
Microsoft Visual Studio Solution File, Format Version 12.00
# Visual Studio Version 17
VisualStudioVersion = 17.13.35828.75 d17.13
MinimumVisualStudioVersion = 10.0.40219.1
Project("{FAE04EC0-301F-11D3-BF4B-00C04F79EFBC}") = "sygnal", "sygnal\sygnal.csproj", "{D516F6AF-6AAC-4079-BC9F-15735EABE65A}"
EndProject
Global
	GlobalSection(SolutionConfigurationPlatforms) = preSolution
		Debug|Any CPU = Debug|Any CPU
		Release|Any CPU = Release|Any CPU
	EndGlobalSection
	GlobalSection(ProjectConfigurationPlatforms) = postSolution
		{D516F6AF-6AAC-4079-BC9F-15735EABE65A}.Debug|Any CPU.ActiveCfg = Debug|Any CPU
		{D516F6AF-6AAC-4079-BC9F-15735EABE65A}.Debug|Any CPU.Build.0 = Debug|Any CPU
		{D516F6AF-6AAC-4079-BC9F-15735EABE65A}.Release|Any CPU.ActiveCfg = Release|Any CPU
		{D516F6AF-6AAC-4079-BC9F-15735EABE65A}.Release|Any CPU.Build.0 = Release|Any CPU
	EndGlobalSection
	GlobalSection(SolutionProperties) = preSolution
		HideSolutionNode = FALSE
	EndGlobalSection
	GlobalSection(ExtensibilityGlobals) = postSolution
		SolutionGuid = {04526E45-2166-431C-AEA0-1987BE004E9C}
	EndGlobalSection
EndGlobal
